
Microsoft Visual Studio Solution File, Format Version 12.00
# Visual Studio Version 17
VisualStudioVersion = 17.10.35013.160
MinimumVisualStudioVersion = 10.0.40219.1
Project("{FAE04EC0-301F-11D3-BF4B-00C04F79EFBC}") = "TestConsoleApp2", "TestConsoleApp2.csproj", "{1380FAC8-4792-4AE2-8313-FC15B35863D4}"
EndProject
Global
	GlobalSection(SolutionConfigurationPlatforms) = preSolution
		Debug|Any CPU = Debug|Any CPU
		Release|Any CPU = Release|Any CPU
	EndGlobalSection
	GlobalSection(ProjectConfigurationPlatforms) = postSolution
		{1380FAC8-4792-4AE2-8313-FC15B35863D4}.Debug|Any CPU.ActiveCfg = Debug|Any CPU
		{1380FAC8-4792-4AE2-8313-FC15B35863D4}.Debug|Any CPU.Build.0 = Debug|Any CPU
		{1380FAC8-4792-4AE2-8313-FC15B35863D4}.Release|Any CPU.ActiveCfg = Release|Any CPU
		{1380FAC8-4792-4AE2-8313-FC15B35863D4}.Release|Any CPU.Build.0 = Release|Any CPU
	EndGlobalSection
	GlobalSection(SolutionProperties) = preSolution
		HideSolutionNode = FALSE
	EndGlobalSection
	GlobalSection(ExtensibilityGlobals) = postSolution
		SolutionGuid = {47A58BC9-2833-4268-8172-5DDE99E00E00}
	EndGlobalSection
EndGlobal
